github.com/BurntSushi/toml v0.3.1 h1:WXkYYl6Yr3qBf1K79EBnL4mak0OimBfB0XUf9Vl28OQ=
github.com/BurntSushi/toml v0.3.1/go.mod h1:xHWCNGjB5oqiDr8zfno3MHue2Ht5sIBksp03qcyfWMU=
github.com/fatih/set v0.2.1 h1:nn2CaJyknWE/6txyUDGwysr3G5QC6xWB/PtVjPBbeaA=
github.com/fatih/set v0.2.1/go.mod h1:+RKtMCH+favT2+3YecHGxcc0b4KyVWA1QWWJUs4E0CI=
github.com/scylladb/go-set v1.0.2 h1:SkvlMCKhP0wyyct6j+0IHJkBkSZL+TDzZ4E7f7BCcRE=
github.com/scylladb/go-set v1.0.2/go.mod h1:DkpGd78rljTxKAnTDPFqXSGxvETQnJyuSOQwsHycqfs=
github.com/urwork/throw v0.0.0-20190618055048-7c9a09a1ea0f h1:8a8TruBfWNfRM56V+ln2ek4r/eMpcHXDAx39JoSGvQg=
github.com/urwork/throw v0.0.0-20190618055048-7c9a09a1ea0f/go.mod h1:/qC9koDhMB5NwoRQSyISKUa0s1swWt00/dA8F4QKqG4=
